
Microsoft Visual Studio Solution File, Format Version 12.00
# Visual Studio Version 17
VisualStudioVersion = 17.4.33213.308
MinimumVisualStudioVersion = 10.0.40219.1
Project("{9A19103F-16F7-4668-BE54-9A1E7A4F7556}") = "Consumer", "Consumer\Consumer.csproj", "{1FD33BA9-FF57-4680-B041-26AE5EA862D3}"
EndProject
Project("{FAE04EC0-301F-11D3-BF4B-00C04F79EFBC}") = "Producer", "Producer\Producer.csproj", "{0BC788F2-61E8-462E-B15E-C900FBE27617}"
EndProject
Global
	GlobalSection(SolutionConfigurationPlatforms) = preSolution
		Debug|Any CPU = Debug|Any CPU
		Release|Any CPU = Release|Any CPU
	EndGlobalSection
	GlobalSection(ProjectConfigurationPlatforms) = postSolution
		{1FD33BA9-FF57-4680-B041-26AE5EA862D3}.Debug|Any CPU.ActiveCfg = Debug|Any CPU
		{1FD33BA9-FF57-4680-B041-26AE5EA862D3}.Debug|Any CPU.Build.0 = Debug|Any CPU
		{1FD33BA9-FF57-4680-B041-26AE5EA862D3}.Release|Any CPU.ActiveCfg = Release|Any CPU
		{1FD33BA9-FF57-4680-B041-26AE5EA862D3}.Release|Any CPU.Build.0 = Release|Any CPU
		{0BC788F2-61E8-462E-B15E-C900FBE27617}.Debug|Any CPU.ActiveCfg = Debug|Any CPU
		{0BC788F2-61E8-462E-B15E-C900FBE27617}.Debug|Any CPU.Build.0 = Debug|Any CPU
		{0BC788F2-61E8-462E-B15E-C900FBE27617}.Release|Any CPU.ActiveCfg = Release|Any CPU
		{0BC788F2-61E8-462E-B15E-C900FBE27617}.Release|Any CPU.Build.0 = Release|Any CPU
	EndGlobalSection
	GlobalSection(SolutionProperties) = preSolution
		HideSolutionNode = FALSE
	EndGlobalSection
	GlobalSection(ExtensibilityGlobals) = postSolution
		SolutionGuid = {D0B9F87D-DF62-4077-9CAF-52DD2623B5B1}
	EndGlobalSection
EndGlobal
